{
  "name": "hibana-inventory-example",
  "lockfileVersion": 3,
  "requires": true,
  "packages": {
    "": {
      "name": "hibana-inventory-example",
      "dependencies": {
        "hono": "4.13.5"
      },
      "devDependencies": {
        "@hibana/cli": "file:../.."
      }
    },
    "../..": {
      "name": "@hibana/cli",
      "version": "0.1.0",
      "dev": true,
      "bin": {
        "hibana": "src/cli.mjs"
      },
      "devDependencies": {
        "hono": "^4.6.0"
      },
      "engines": {
        "node": ">=24"
      },
      "optionalDependencies": {
        "@bytecodealliance/componentize-js": "^0.19.3",
        "@bytecodealliance/jco": "^1.17.9",
        "esbuild": "^0.28.2"
      }
    },
    "node_modules/@hibana/cli": {
      "resolved": "../..",
      "link": true
    },
    "node_modules/hono": {
      "version": "4.13.5",
      "resolved": "https://registry.npmjs.org/hono/-/hono-4.13.5.tgz",
      "integrity": "sha512-O6+/eCYRkzzzy0rPWwKLiGBR1nFuUPZynnwjxN1MBA62NNqbT0wQEzQyK2gSO5yDIDB336sXQleAhOHrzlYyKw==",
      "license": "MIT",
      "engines": {
        "node": ">=16.9.0"
      }
    }
  }
}
